
Microsoft Visual Studio Solution File, Format Version 12.00
Project("{FAE04EC0-301F-11D3-BF4B-00C04F79EFBC}") = "Reflex Master", "Reflex Master\Reflex Master.csproj", "{AE91ED5A-0829-41CB-BAEE-13296933654D}"
EndProject
Global
	GlobalSection(SolutionConfigurationPlatforms) = preSolution
		Debug|Any CPU = Debug|Any CPU
		Release|Any CPU = Release|Any CPU
	EndGlobalSection
	GlobalSection(ProjectConfigurationPlatforms) = postSolution
		{AE91ED5A-0829-41CB-BAEE-13296933654D}.Debug|Any CPU.ActiveCfg = Debug|Any CPU
		{AE91ED5A-0829-41CB-BAEE-13296933654D}.Debug|Any CPU.Build.0 = Debug|Any CPU
		{AE91ED5A-0829-41CB-BAEE-13296933654D}.Release|Any CPU.ActiveCfg = Release|Any CPU
		{AE91ED5A-0829-41CB-BAEE-13296933654D}.Release|Any CPU.Build.0 = Release|Any CPU
	EndGlobalSection
EndGlobal
